
Microsoft Visual Studio Solution File, Format Version 12.00
# Visual Studio Version 17
VisualStudioVersion = 17.5.33530.505
MinimumVisualStudioVersion = 10.0.40219.1
Project("{FAE04EC0-301F-11D3-BF4B-00C04F79EFBC}") = "WpfApp24TodoEF6", "WpfApp24TodoEF6\WpfApp24TodoEF6.csproj", "{7A2BA563-9FB7-4552-BBA4-56D583B04023}"
EndProject
Global
	GlobalSection(SolutionConfigurationPlatforms) = preSolution
		Debug|Any CPU = Debug|Any CPU
		Release|Any CPU = Release|Any CPU
	EndGlobalSection
	GlobalSection(ProjectConfigurationPlatforms) = postSolution
		{7A2BA563-9FB7-4552-BBA4-56D583B04023}.Debug|Any CPU.ActiveCfg = Debug|Any CPU
		{7A2BA563-9FB7-4552-BBA4-56D583B04023}.Debug|Any CPU.Build.0 = Debug|Any CPU
		{7A2BA563-9FB7-4552-BBA4-56D583B04023}.Release|Any CPU.ActiveCfg = Release|Any CPU
		{7A2BA563-9FB7-4552-BBA4-56D583B04023}.Release|Any CPU.Build.0 = Release|Any CPU
	EndGlobalSection
	GlobalSection(SolutionProperties) = preSolution
		HideSolutionNode = FALSE
	EndGlobalSection
	GlobalSection(ExtensibilityGlobals) = postSolution
		SolutionGuid = {CB9AAC0F-C3F7-4113-BE7D-E203B286652C}
	EndGlobalSection
EndGlobal
